%{
  "floki": {:hex, :floki, "0.36.2", "a7da0193538c93f937714a6704369711998a51a6164a222d710ebd54020aa7a3", [:mix], [], "hexpm", "a8766c0bc92f074e5cb36c4f9961982eda84c5d2b8e979ca67f5c268ec8ed580"},
  "md": {:hex, :md, "0.10.4", "4492f89c30b6125152a90b279dfa624f9120df478cafdd5a0c64e88b5a52d44b", [:mix], [{:floki, "~> 0.33", [hex: :floki, repo: "hexpm", optional: false]}, {:unicode_guards, "~> 1.0", [hex: :unicode_guards, repo: "hexpm", optional: false]}, {:xml_builder_ex, "~> 3.1", [hex: :xml_builder_ex, repo: "hexpm", optional: false]}], "hexpm", "3973df82a13352a1f66217fdcd574a9017b6da156917ae7ff7902554ef1ef370"},
  "nimble_parsec": {:hex, :nimble_parsec, "1.4.0", "51f9b613ea62cfa97b25ccc2c1b4216e81df970acd8e16e8d1bdc58fef21370d", [:mix], [], "hexpm", "9c565862810fb383e9838c1dd2d7d2c437b3d13b267414ba6af33e50d2d1cf28"},
  "unicode": {:hex, :unicode, "1.19.0", "264191eacb1d44039d0dbb9fd936c557431825373b6e7b18d77e80cb0cc344bd", [:mix], [], "hexpm", "ae83bbf54429a67bc6fa9c941a6e9f0ec38dd9c2a32b21583ad511d3b6555631"},
  "unicode_guards": {:hex, :unicode_guards, "1.0.0", "e0a71517486de1ac2a3bdc516da48d6f149f61873732d7a3d882e8951c7649f2", [:mix], [{:nimble_parsec, "~> 0.5 or ~> 1.0", [hex: :nimble_parsec, repo: "hexpm", optional: false]}, {:unicode_set, "~> 1.0", [hex: :unicode_set, repo: "hexpm", optional: false]}], "hexpm", "d8c91bf78ff9bd6a9053d4ad43f0ec4ff3ed15c36917fe36bb19dbf36650096c"},
  "unicode_set": {:hex, :unicode_set, "1.3.0", "aa9b7836b5d39fe493213d6c08eee83853746ecfd9f120cdfd1e2f96da3f71f1", [:mix], [{:nimble_parsec, "~> 1.2.2 or ~> 1.3", [hex: :nimble_parsec, repo: "hexpm", optional: false]}, {:unicode, "~> 1.13", [hex: :unicode, repo: "hexpm", optional: false]}], "hexpm", "7343aa1aa3dcc1f54a53781b7b96c35249633d3b0e922fabfc8b31db95495339"},
  "xml_builder_ex": {:hex, :xml_builder_ex, "3.1.415", "8189328b04564273a3adee5824b3b19658679384e57d5b597fef5d37d7f19921", [:mix], [], "hexpm", "df28c183b98ccabe50a886c46e932abb6e73ea8258e12ecd56c9c6aa9f68fc33"},
}
